// !$*UTF8*$!
{
	archiveVersion = 1;
	classes = {
	};
	objectVersion = 77;
	objects = {

/* Begin PBXBuildFile section */
		9821B30D2DA38B5E008994C9 /* ViewModelCore in Frameworks */ = {isa = PBXBuildFile; productRef = 9821B30C2DA38B5E008994C9 /* ViewModelCore */; };
		98580CD42D9FAEDB00CAE51E /* ViewModelCore in Frameworks */ = {isa = PBXBuildFile; productRef = 98580CD32D9FAEDB00CAE51E /* ViewModelCore */; };
		98D8EF542DA5FD37001D3A8F /* ViewModelCore in Frameworks */ = {isa = PBXBuildFile; productRef = 98D8EF532DA5FD37001D3A8F /* ViewModelCore */; };
		98D8EF562DA60326001D3A8F /* CollectionViewCell.swift in Sources */ = {isa = PBXBuildFile; fileRef = 98D8EF552DA60326001D3A8F /* CollectionViewCell.swift */; };
		98E6B3482D9E80AE00903040 /* Main.storyboard in Resources */ = {isa = PBXBuildFile; fileRef = 98E6B3432D9E80AE00903040 /* Main.storyboard */; };
		98E6B3492D9E80AE00903040 /* LaunchScreen.storyboard in Resources */ = {isa = PBXBuildFile; fileRef = 98E6B3412D9E80AE00903040 /* LaunchScreen.storyboard */; };
		98E6B34B2D9E80AE00903040 /* Assets.xcassets in Resources */ = {isa = PBXBuildFile; fileRef = 98E6B33E2D9E80AE00903040 /* Assets.xcassets */; };
		98E6B34C2D9E80AE00903040 /* ViewController.swift in Sources */ = {isa = PBXBuildFile; fileRef = 98E6B3452D9E80AE00903040 /* ViewController.swift */; };
		98E6B34D2D9E80AE00903040 /* AppDelegate.swift in Sources */ = {isa = PBXBuildFile; fileRef = 98E6B33D2D9E80AE00903040 /* AppDelegate.swift */; };
		98E6B34E2D9E80AE00903040 /* SceneDelegate.swift in Sources */ = {isa = PBXBuildFile; fileRef = 98E6B3442D9E80AE00903040 /* SceneDelegate.swift */; };
		98E6B34F2D9E80AE00903040 /* ViewModel.swift in Sources */ = {isa = PBXBuildFile; fileRef = 98E6B3462D9E80AE00903040 /* ViewModel.swift */; };
		98E6B3522D9E80B500903040 /* CounterTests.swift in Sources */ = {isa = PBXBuildFile; fileRef = 98E6B3502D9E80B500903040 /* CounterTests.swift */; };
/* End PBXBuildFile section */

/* Begin PBXContainerItemProxy section */
		98D31DA92D9E22E00002273C /* PBXContainerItemProxy */ = {
			isa = PBXContainerItemProxy;
			containerPortal = 98D31D8A2D9E22DF0002273C /* Project object */;
			proxyType = 1;
			remoteGlobalIDString = 98D31D912D9E22DF0002273C;
			remoteInfo = MacroTest;
		};
/* End PBXContainerItemProxy section */

/* Begin PBXFileReference section */
		98D31D922D9E22DF0002273C /* Counter.app */ = {isa = PBXFileReference; explicitFileType = wrapper.application; includeInIndex = 0; path = Counter.app; sourceTree = BUILT_PRODUCTS_DIR; };
		98D31DA82D9E22E00002273C /* CounterTests.xctest */ = {isa = PBXFileReference; explicitFileType = wrapper.cfbundle; includeInIndex = 0; path = CounterTests.xctest; sourceTree = BUILT_PRODUCTS_DIR; };
		98D8EF552DA60326001D3A8F /* CollectionViewCell.swift */ = {isa = PBXFileReference; lastKnownFileType = sourcecode.swift; path = CollectionViewCell.swift; sourceTree = "<group>"; };
		98E6B33D2D9E80AE00903040 /* AppDelegate.swift */ = {isa = PBXFileReference; lastKnownFileType = sourcecode.swift; path = AppDelegate.swift; sourceTree = "<group>"; };
		98E6B33E2D9E80AE00903040 /* Assets.xcassets */ = {isa = PBXFileReference; lastKnownFileType = folder.assetcatalog; path = Assets.xcassets; sourceTree = "<group>"; };
		98E6B33F2D9E80AE00903040 /* Info.plist */ = {isa = PBXFileReference; lastKnownFileType = text.plist.xml; path = Info.plist; sourceTree = "<group>"; };
		98E6B3402D9E80AE00903040 /* Base */ = {isa = PBXFileReference; lastKnownFileType = file.storyboard; name = Base; path = Base.lproj/LaunchScreen.storyboard; sourceTree = "<group>"; };
		98E6B3422D9E80AE00903040 /* Base */ = {isa = PBXFileReference; lastKnownFileType = file.storyboard; name = Base; path = Base.lproj/Main.storyboard; sourceTree = "<group>"; };
		98E6B3442D9E80AE00903040 /* SceneDelegate.swift */ = {isa = PBXFileReference; lastKnownFileType = sourcecode.swift; path = SceneDelegate.swift; sourceTree = "<group>"; };
		98E6B3452D9E80AE00903040 /* ViewController.swift */ = {isa = PBXFileReference; lastKnownFileType = sourcecode.swift; path = ViewController.swift; sourceTree = "<group>"; };
		98E6B3462D9E80AE00903040 /* ViewModel.swift */ = {isa = PBXFileReference; lastKnownFileType = sourcecode.swift; path = ViewModel.swift; sourceTree = "<group>"; };
		98E6B3502D9E80B500903040 /* CounterTests.swift */ = {isa = PBXFileReference; lastKnownFileType = sourcecode.swift; path = CounterTests.swift; sourceTree = "<group>"; };
/* End PBXFileReference section */

/* Begin PBXFrameworksBuildPhase section */
		98D31D8F2D9E22DF0002273C /* Frameworks */ = {
			isa = PBXFrameworksBuildPhase;
			buildActionMask = 2147483647;
			files = (
				9821B30D2DA38B5E008994C9 /* ViewModelCore in Frameworks */,
				98D8EF542DA5FD37001D3A8F /* ViewModelCore in Frameworks */,
				98580CD42D9FAEDB00CAE51E /* ViewModelCore in Frameworks */,
			);
			runOnlyForDeploymentPostprocessing = 0;
		};
		98D31DA52D9E22E00002273C /* Frameworks */ = {
			isa = PBXFrameworksBuildPhase;
			buildActionMask = 2147483647;
			files = (
			);
			runOnlyForDeploymentPostprocessing = 0;
		};
/* End PBXFrameworksBuildPhase section */

/* Begin PBXGroup section */
		98D31D892D9E22DF0002273C = {
			isa = PBXGroup;
			children = (
				98D31D932D9E22DF0002273C /* Products */,
				98E6B3472D9E80AE00903040 /* Counter */,
				98E6B3512D9E80B500903040 /* CounterTests */,
			);
			sourceTree = "<group>";
		};
		98D31D932D9E22DF0002273C /* Products */ = {
			isa = PBXGroup;
			children = (
				98D31D922D9E22DF0002273C /* Counter.app */,
				98D31DA82D9E22E00002273C /* CounterTests.xctest */,
			);
			name = Products;
			sourceTree = "<group>";
		};
		98E6B3472D9E80AE00903040 /* Counter */ = {
			isa = PBXGroup;
			children = (
				98E6B33D2D9E80AE00903040 /* AppDelegate.swift */,
				98E6B33E2D9E80AE00903040 /* Assets.xcassets */,
				98E6B33F2D9E80AE00903040 /* Info.plist */,
				98E6B3412D9E80AE00903040 /* LaunchScreen.storyboard */,
				98E6B3432D9E80AE00903040 /* Main.storyboard */,
				98E6B3442D9E80AE00903040 /* SceneDelegate.swift */,
				98E6B3452D9E80AE00903040 /* ViewController.swift */,
				98E6B3462D9E80AE00903040 /* ViewModel.swift */,
				98D8EF552DA60326001D3A8F /* CollectionViewCell.swift */,
			);
			path = Counter;
			sourceTree = "<group>";
		};
		98E6B3512D9E80B500903040 /* CounterTests */ = {
			isa = PBXGroup;
			children = (
				98E6B3502D9E80B500903040 /* CounterTests.swift */,
			);
			path = CounterTests;
			sourceTree = "<group>";
		};
/* End PBXGroup section */

/* Begin PBXNativeTarget section */
		98D31D912D9E22DF0002273C /* Counter */ = {
			isa = PBXNativeTarget;
			buildConfigurationList = 98D31DBB2D9E22E00002273C /* Build configuration list for PBXNativeTarget "Counter" */;
			buildPhases = (
				98D31D8E2D9E22DF0002273C /* Sources */,
				98D31D8F2D9E22DF0002273C /* Frameworks */,
				98D31D902D9E22DF0002273C /* Resources */,
			);
			buildRules = (
			);
			dependencies = (
			);
			name = Counter;
			packageProductDependencies = (
				98580CD32D9FAEDB00CAE51E /* ViewModelCore */,
				9821B30C2DA38B5E008994C9 /* ViewModelCore */,
				98D8EF532DA5FD37001D3A8F /* ViewModelCore */,
			);
			productName = MacroTest;
			productReference = 98D31D922D9E22DF0002273C /* Counter.app */;
			productType = "com.apple.product-type.application";
		};
		98D31DA72D9E22E00002273C /* CounterTests */ = {
			isa = PBXNativeTarget;
			buildConfigurationList = 98D31DC02D9E22E00002273C /* Build configuration list for PBXNativeTarget "CounterTests" */;
			buildPhases = (
				98D31DA42D9E22E00002273C /* Sources */,
				98D31DA52D9E22E00002273C /* Frameworks */,
				98D31DA62D9E22E00002273C /* Resources */,
			);
			buildRules = (
			);
			dependencies = (
				98D31DAA2D9E22E00002273C /* PBXTargetDependency */,
			);
			name = CounterTests;
			packageProductDependencies = (
			);
			productName = MacroTestTests;
			productReference = 98D31DA82D9E22E00002273C /* CounterTests.xctest */;
			productType = "com.apple.product-type.bundle.unit-test";
		};
/* End PBXNativeTarget section */

/* Begin PBXProject section */
		98D31D8A2D9E22DF0002273C /* Project object */ = {
			isa = PBXProject;
			attributes = {
				BuildIndependentTargetsInParallel = 1;
				LastSwiftUpdateCheck = 1620;
				LastUpgradeCheck = 1620;
				TargetAttributes = {
					98D31D912D9E22DF0002273C = {
						CreatedOnToolsVersion = 16.2;
					};
					98D31DA72D9E22E00002273C = {
						CreatedOnToolsVersion = 16.2;
						TestTargetID = 98D31D912D9E22DF0002273C;
					};
				};
			};
			buildConfigurationList = 98D31D8D2D9E22DF0002273C /* Build configuration list for PBXProject "Counter" */;
			developmentRegion = en;
			hasScannedForEncodings = 0;
			knownRegions = (
				en,
				Base,
			);
			mainGroup = 98D31D892D9E22DF0002273C;
			minimizedProjectReferenceProxies = 1;
			packageReferences = (
				98D8EF522DA5FD37001D3A8F /* XCLocalSwiftPackageReference "../Sources/ViewModelCore" */,
			);
			preferredProjectObjectVersion = 77;
			productRefGroup = 98D31D932D9E22DF0002273C /* Products */;
			projectDirPath = "";
			projectRoot = "";
			targets = (
				98D31D912D9E22DF0002273C /* Counter */,
				98D31DA72D9E22E00002273C /* CounterTests */,
			);
		};
/* End PBXProject section */

/* Begin PBXResourcesBuildPhase section */
		98D31D902D9E22DF0002273C /* Resources */ = {
			isa = PBXResourcesBuildPhase;
			buildActionMask = 2147483647;
			files = (
				98E6B3482D9E80AE00903040 /* Main.storyboard in Resources */,
				98E6B3492D9E80AE00903040 /* LaunchScreen.storyboard in Resources */,
				98E6B34B2D9E80AE00903040 /* Assets.xcassets in Resources */,
			);
			runOnlyForDeploymentPostprocessing = 0;
		};
		98D31DA62D9E22E00002273C /* Resources */ = {
			isa = PBXResourcesBuildPhase;
			buildActionMask = 2147483647;
			files = (
			);
			runOnlyForDeploymentPostprocessing = 0;
		};
/* End PBXResourcesBuildPhase section */

/* Begin PBXSourcesBuildPhase section */
		98D31D8E2D9E22DF0002273C /* Sources */ = {
			isa = PBXSourcesBuildPhase;
			buildActionMask = 2147483647;
			files = (
				98D8EF562DA60326001D3A8F /* CollectionViewCell.swift in Sources */,
				98E6B34C2D9E80AE00903040 /* ViewController.swift in Sources */,
				98E6B34D2D9E80AE00903040 /* AppDelegate.swift in Sources */,
				98E6B34E2D9E80AE00903040 /* SceneDelegate.swift in Sources */,
				98E6B34F2D9E80AE00903040 /* ViewModel.swift in Sources */,
			);
			runOnlyForDeploymentPostprocessing = 0;
		};
		98D31DA42D9E22E00002273C /* Sources */ = {
			isa = PBXSourcesBuildPhase;
			buildActionMask = 2147483647;
			files = (
				98E6B3522D9E80B500903040 /* CounterTests.swift in Sources */,
			);
			runOnlyForDeploymentPostprocessing = 0;
		};
/* End PBXSourcesBuildPhase section */

/* Begin PBXTargetDependency section */
		98D31DAA2D9E22E00002273C /* PBXTargetDependency */ = {
			isa = PBXTargetDependency;
			target = 98D31D912D9E22DF0002273C /* Counter */;
			targetProxy = 98D31DA92D9E22E00002273C /* PBXContainerItemProxy */;
		};
/* End PBXTargetDependency section */

/* Begin PBXVariantGroup section */
		98E6B3412D9E80AE00903040 /* LaunchScreen.storyboard */ = {
			isa = PBXVariantGroup;
			children = (
				98E6B3402D9E80AE00903040 /* Base */,
			);
			name = LaunchScreen.storyboard;
			sourceTree = "<group>";
		};
		98E6B3432D9E80AE00903040 /* Main.storyboard */ = {
			isa = PBXVariantGroup;
			children = (
				98E6B3422D9E80AE00903040 /* Base */,
			);
			name = Main.storyboard;
			sourceTree = "<group>";
		};
/* End PBXVariantGroup section */

/* Begin XCBuildConfiguration section */
		98D31DBC2D9E22E00002273C /* Debug */ = {
			isa = XCBuildConfiguration;
			buildSettings = {
				ASSETCATALOG_COMPILER_APPICON_NAME = AppIcon;
				ASSETCATALOG_COMPILER_GLOBAL_ACCENT_COLOR_NAME = AccentColor;
				CODE_SIGN_STYLE = Automatic;
				CURRENT_PROJECT_VERSION = 1;
				DEVELOPMENT_TEAM = H4MSW7FUBB;
				GENERATE_INFOPLIST_FILE = YES;
				INFOPLIST_FILE = Counter/Info.plist;
				INFOPLIST_KEY_UIApplicationSupportsIndirectInputEvents = YES;
				INFOPLIST_KEY_UILaunchStoryboardName = LaunchScreen;
				INFOPLIST_KEY_UIMainStoryboardFile = Main;
				INFOPLIST_KEY_UISupportedInterfaceOrientations_iPad = "UIInterfaceOrientationPortrait UIInterfaceOrientationPortraitUpsideDown UIInterfaceOrientationLandscapeLeft UIInterfaceOrientationLandscapeRight";
				INFOPLIST_KEY_UISupportedInterfaceOrientations_iPhone = "UIInterfaceOrientationPortrait UIInterfaceOrientationLandscapeLeft UIInterfaceOrientationLandscapeRight";
				LD_RUNPATH_SEARCH_PATHS = (
					"$(inherited)",
					"@executable_path/Frameworks",
				);
				MARKETING_VERSION = 1.0;
				PRODUCT_BUNDLE_IDENTIFIER = Leetaek.Macro.Counter;
				PRODUCT_NAME = "$(TARGET_NAME)";
				SWIFT_EMIT_LOC_STRINGS = YES;
				SWIFT_VERSION = 5.0;
				TARGETED_DEVICE_FAMILY = "1,2";
			};
			name = Debug;
		};
		98D31DBD2D9E22E00002273C /* Release */ = {
			isa = XCBuildConfiguration;
			buildSettings = {
				ASSETCATALOG_COMPILER_APPICON_NAME = AppIcon;
				ASSETCATALOG_COMPILER_GLOBAL_ACCENT_COLOR_NAME = AccentColor;
				CODE_SIGN_STYLE = Automatic;
				CURRENT_PROJECT_VERSION = 1;
				DEVELOPMENT_TEAM = H4MSW7FUBB;
				GENERATE_INFOPLIST_FILE = YES;
				INFOPLIST_FILE = Counter/Info.plist;
				INFOPLIST_KEY_UIApplicationSupportsIndirectInputEvents = YES;
				INFOPLIST_KEY_UILaunchStoryboardName = LaunchScreen;
				INFOPLIST_KEY_UIMainStoryboardFile = Main;
				INFOPLIST_KEY_UISupportedInterfaceOrientations_iPad = "UIInterfaceOrientationPortrait UIInterfaceOrientationPortraitUpsideDown UIInterfaceOrientationLandscapeLeft UIInterfaceOrientationLandscapeRight";
				INFOPLIST_KEY_UISupportedInterfaceOrientations_iPhone = "UIInterfaceOrientationPortrait UIInterfaceOrientationLandscapeLeft UIInterfaceOrientationLandscapeRight";
				LD_RUNPATH_SEARCH_PATHS = (
					"$(inherited)",
					"@executable_path/Frameworks",
				);
				MARKETING_VERSION = 1.0;
				PRODUCT_BUNDLE_IDENTIFIER = Leetaek.Macro.Counter;
				PRODUCT_NAME = "$(TARGET_NAME)";
				SWIFT_EMIT_LOC_STRINGS = YES;
				SWIFT_VERSION = 5.0;
				TARGETED_DEVICE_FAMILY = "1,2";
			};
			name = Release;
		};
		98D31DBE2D9E22E00002273C /* Debug */ = {
			isa = XCBuildConfiguration;
			buildSettings = {
				ALWAYS_SEARCH_USER_PATHS = NO;
				ASSETCATALOG_COMPILER_GENERATE_SWIFT_ASSET_SYMBOL_EXTENSIONS = YES;
				CLANG_ANALYZER_NONNULL = YES;
				CLANG_ANALYZER_NUMBER_OBJECT_CONVERSION = YES_AGGRESSIVE;
				CLANG_CXX_LANGUAGE_STANDARD = "gnu++20";
				CLANG_ENABLE_MODULES = YES;
				CLANG_ENABLE_OBJC_ARC = YES;
				CLANG_ENABLE_OBJC_WEAK = YES;
				CLANG_WARN_BLOCK_CAPTURE_AUTORELEASING = YES;
				CLANG_WARN_BOOL_CONVERSION = YES;
				CLANG_WARN_COMMA = YES;
				CLANG_WARN_CONSTANT_CONVERSION = YES;
				CLANG_WARN_DEPRECATED_OBJC_IMPLEMENTATIONS = YES;
				CLANG_WARN_DIRECT_OBJC_ISA_USAGE = YES_ERROR;
				CLANG_WARN_DOCUMENTATION_COMMENTS = YES;
				CLANG_WARN_EMPTY_BODY = YES;
				CLANG_WARN_ENUM_CONVERSION = YES;
				CLANG_WARN_INFINITE_RECURSION = YES;
				CLANG_WARN_INT_CONVERSION = YES;
				CLANG_WARN_NON_LITERAL_NULL_CONVERSION = YES;
				CLANG_WARN_OBJC_IMPLICIT_RETAIN_SELF = YES;
				CLANG_WARN_OBJC_LITERAL_CONVERSION = YES;
				CLANG_WARN_OBJC_ROOT_CLASS = YES_ERROR;
				CLANG_WARN_QUOTED_INCLUDE_IN_FRAMEWORK_HEADER = YES;
				CLANG_WARN_RANGE_LOOP_ANALYSIS = YES;
				CLANG_WARN_STRICT_PROTOTYPES = YES;
				CLANG_WARN_SUSPICIOUS_MOVE = YES;
				CLANG_WARN_UNGUARDED_AVAILABILITY = YES_AGGRESSIVE;
				CLANG_WARN_UNREACHABLE_CODE = YES;
				CLANG_WARN__DUPLICATE_METHOD_MATCH = YES;
				COPY_PHASE_STRIP = NO;
				DEBUG_INFORMATION_FORMAT = dwarf;
				ENABLE_STRICT_OBJC_MSGSEND = YES;
				ENABLE_TESTABILITY = YES;
				ENABLE_USER_SCRIPT_SANDBOXING = YES;
				GCC_C_LANGUAGE_STANDARD = gnu17;
				GCC_DYNAMIC_NO_PIC = NO;
				GCC_NO_COMMON_BLOCKS = YES;
				GCC_OPTIMIZATION_LEVEL = 0;
				GCC_PREPROCESSOR_DEFINITIONS = (
					"DEBUG=1",
					"$(inherited)",
				);
				GCC_WARN_64_TO_32_BIT_CONVERSION = YES;
				GCC_WARN_ABOUT_RETURN_TYPE = YES_ERROR;
				GCC_WARN_UNDECLARED_SELECTOR = YES;
				GCC_WARN_UNINITIALIZED_AUTOS = YES_AGGRESSIVE;
				GCC_WARN_UNUSED_FUNCTION = YES;
				GCC_WARN_UNUSED_VARIABLE = YES;
				IPHONEOS_DEPLOYMENT_TARGET = 18.2;
				LOCALIZATION_PREFERS_STRING_CATALOGS = YES;
				MTL_ENABLE_DEBUG_INFO = INCLUDE_SOURCE;
				MTL_FAST_MATH = YES;
				ONLY_ACTIVE_ARCH = YES;
				SDKROOT = iphoneos;
				SWIFT_ACTIVE_COMPILATION_CONDITIONS = "DEBUG $(inherited)";
				SWIFT_OPTIMIZATION_LEVEL = "-Onone";
			};
			name = Debug;
		};
		98D31DBF2D9E22E00002273C /* Release */ = {
			isa = XCBuildConfiguration;
			buildSettings = {
				ALWAYS_SEARCH_USER_PATHS = NO;
				ASSETCATALOG_COMPILER_GENERATE_SWIFT_ASSET_SYMBOL_EXTENSIONS = YES;
				CLANG_ANALYZER_NONNULL = YES;
				CLANG_ANALYZER_NUMBER_OBJECT_CONVERSION = YES_AGGRESSIVE;
				CLANG_CXX_LANGUAGE_STANDARD = "gnu++20";
				CLANG_ENABLE_MODULES = YES;
				CLANG_ENABLE_OBJC_ARC = YES;
				CLANG_ENABLE_OBJC_WEAK = YES;
				CLANG_WARN_BLOCK_CAPTURE_AUTORELEASING = YES;
				CLANG_WARN_BOOL_CONVERSION = YES;
				CLANG_WARN_COMMA = YES;
				CLANG_WARN_CONSTANT_CONVERSION = YES;
				CLANG_WARN_DEPRECATED_OBJC_IMPLEMENTATIONS = YES;
				CLANG_WARN_DIRECT_OBJC_ISA_USAGE = YES_ERROR;
				CLANG_WARN_DOCUMENTATION_COMMENTS = YES;
				CLANG_WARN_EMPTY_BODY = YES;
				CLANG_WARN_ENUM_CONVERSION = YES;
				CLANG_WARN_INFINITE_RECURSION = YES;
				CLANG_WARN_INT_CONVERSION = YES;
				CLANG_WARN_NON_LITERAL_NULL_CONVERSION = YES;
				CLANG_WARN_OBJC_IMPLICIT_RETAIN_SELF = YES;
				CLANG_WARN_OBJC_LITERAL_CONVERSION = YES;
				CLANG_WARN_OBJC_ROOT_CLASS = YES_ERROR;
				CLANG_WARN_QUOTED_INCLUDE_IN_FRAMEWORK_HEADER = YES;
				CLANG_WARN_RANGE_LOOP_ANALYSIS = YES;
				CLANG_WARN_STRICT_PROTOTYPES = YES;
				CLANG_WARN_SUSPICIOUS_MOVE = YES;
				CLANG_WARN_UNGUARDED_AVAILABILITY = YES_AGGRESSIVE;
				CLANG_WARN_UNREACHABLE_CODE = YES;
				CLANG_WARN__DUPLICATE_METHOD_MATCH = YES;
				COPY_PHASE_STRIP = NO;
				DEBUG_INFORMATION_FORMAT = "dwarf-with-dsym";
				ENABLE_NS_ASSERTIONS = NO;
				ENABLE_STRICT_OBJC_MSGSEND = YES;
				ENABLE_USER_SCRIPT_SANDBOXING = YES;
				GCC_C_LANGUAGE_STANDARD = gnu17;
				GCC_NO_COMMON_BLOCKS = YES;
				GCC_WARN_64_TO_32_BIT_CONVERSION = YES;
				GCC_WARN_ABOUT_RETURN_TYPE = YES_ERROR;
				GCC_WARN_UNDECLARED_SELECTOR = YES;
				GCC_WARN_UNINITIALIZED_AUTOS = YES_AGGRESSIVE;
				GCC_WARN_UNUSED_FUNCTION = YES;
				GCC_WARN_UNUSED_VARIABLE = YES;
				IPHONEOS_DEPLOYMENT_TARGET = 18.2;
				LOCALIZATION_PREFERS_STRING_CATALOGS = YES;
				MTL_ENABLE_DEBUG_INFO = NO;
				MTL_FAST_MATH = YES;
				SDKROOT = iphoneos;
				SWIFT_COMPILATION_MODE = wholemodule;
				VALIDATE_PRODUCT = YES;
			};
			name = Release;
		};
		98D31DC12D9E22E00002273C /* Debug */ = {
			isa = XCBuildConfiguration;
			buildSettings = {
				BUNDLE_LOADER = "$(TEST_HOST)";
				CODE_SIGN_STYLE = Automatic;
				CURRENT_PROJECT_VERSION = 1;
				DEVELOPMENT_TEAM = H4MSW7FUBB;
				GENERATE_INFOPLIST_FILE = YES;
				IPHONEOS_DEPLOYMENT_TARGET = 18.2;
				MARKETING_VERSION = 1.0;
				PRODUCT_BUNDLE_IDENTIFIER = Leetaek.CounterTests;
				PRODUCT_NAME = "$(TARGET_NAME)";
				SWIFT_EMIT_LOC_STRINGS = NO;
				SWIFT_VERSION = 5.0;
				TARGETED_DEVICE_FAMILY = "1,2";
				TEST_HOST = "$(BUILT_PRODUCTS_DIR)/Counter.app/$(BUNDLE_EXECUTABLE_FOLDER_PATH)/Counter";
			};
			name = Debug;
		};
		98D31DC22D9E22E00002273C /* Release */ = {
			isa = XCBuildConfiguration;
			buildSettings = {
				BUNDLE_LOADER = "$(TEST_HOST)";
				CODE_SIGN_STYLE = Automatic;
				CURRENT_PROJECT_VERSION = 1;
				DEVELOPMENT_TEAM = H4MSW7FUBB;
				GENERATE_INFOPLIST_FILE = YES;
				IPHONEOS_DEPLOYMENT_TARGET = 18.2;
				MARKETING_VERSION = 1.0;
				PRODUCT_BUNDLE_IDENTIFIER = Leetaek.CounterTests;
				PRODUCT_NAME = "$(TARGET_NAME)";
				SWIFT_EMIT_LOC_STRINGS = NO;
				SWIFT_VERSION = 5.0;
				TARGETED_DEVICE_FAMILY = "1,2";
				TEST_HOST = "$(BUILT_PRODUCTS_DIR)/Counter.app/$(BUNDLE_EXECUTABLE_FOLDER_PATH)/Counter";
			};
			name = Release;
		};
/* End XCBuildConfiguration section */

/* Begin XCConfigurationList section */
		98D31D8D2D9E22DF0002273C /* Build configuration list for PBXProject "Counter" */ = {
			isa = XCConfigurationList;
			buildConfigurations = (
				98D31DBE2D9E22E00002273C /* Debug */,
				98D31DBF2D9E22E00002273C /* Release */,
			);
			defaultConfigurationIsVisible = 0;
			defaultConfigurationName = Release;
		};
		98D31DBB2D9E22E00002273C /* Build configuration list for PBXNativeTarget "Counter" */ = {
			isa = XCConfigurationList;
			buildConfigurations = (
				98D31DBC2D9E22E00002273C /* Debug */,
				98D31DBD2D9E22E00002273C /* Release */,
			);
			defaultConfigurationIsVisible = 0;
			defaultConfigurationName = Release;
		};
		98D31DC02D9E22E00002273C /* Build configuration list for PBXNativeTarget "CounterTests" */ = {
			isa = XCConfigurationList;
			buildConfigurations = (
				98D31DC12D9E22E00002273C /* Debug */,
				98D31DC22D9E22E00002273C /* Release */,
			);
			defaultConfigurationIsVisible = 0;
			defaultConfigurationName = Release;
		};
/* End XCConfigurationList section */

/* Begin XCLocalSwiftPackageReference section */
		98D8EF522DA5FD37001D3A8F /* XCLocalSwiftPackageReference "../Sources/ViewModelCore" */ = {
			isa = XCLocalSwiftPackageReference;
			relativePath = ../Sources/ViewModelCore;
		};
/* End XCLocalSwiftPackageReference section */

/* Begin XCSwiftPackageProductDependency section */
		9821B30C2DA38B5E008994C9 /* ViewModelCore */ = {
			isa = XCSwiftPackageProductDependency;
			productName = ViewModelCore;
		};
		98580CD32D9FAEDB00CAE51E /* ViewModelCore */ = {
			isa = XCSwiftPackageProductDependency;
			productName = ViewModelCore;
		};
		98D8EF532DA5FD37001D3A8F /* ViewModelCore */ = {
			isa = XCSwiftPackageProductDependency;
			productName = ViewModelCore;
		};
/* End XCSwiftPackageProductDependency section */
	};
	rootObject = 98D31D8A2D9E22DF0002273C /* Project object */;
}
